<?xml version="1.0" encoding="utf-8"?>
<Project ToolsVersion="4.0" xmlns="http://schemas.microsoft.com/developer/msbuild/2003">
  <ItemGroup>
    <Filter Include="소스 파일">
      <UniqueIdentifier>{4FC737F1-C7A5-4376-A066-2A32D752A2FF}</UniqueIdentifier>
      <Extensions>cpp;c;cc;cxx;c++;cppm;ixx;def;odl;idl;hpj;bat;asm;asmx</Extensions>
    </Filter>
    <Filter Include="헤더 파일">
      <UniqueIdentifier>{93995380-89BD-4b04-88EB-625FBE52EBFB}</UniqueIdentifier>
      <Extensions>h;hh;hpp;hxx;h++;hm;inl;inc;ipp;xsd</Extensions>
    </Filter>
    <Filter Include="리소스 파일">
      <UniqueIdentifier>{67DA6AB6-F800-4c08-8B7A-83BB121AAD01}</UniqueIdentifier>
      <Extensions>rc;ico;cur;bmp;dlg;rc2;rct;bin;rgs;gif;jpg;jpeg;jpe;resx;tiff;tif;png;wav;mfcribbon-ms</Extensions>
    </Filter>
    <Filter Include="Manager">
      <UniqueIdentifier>{ed27685c-7f77-443b-85ef-797bca8acdf2}</UniqueIdentifier>
    </Filter>
    <Filter Include="Lib">
      <UniqueIdentifier>{9e576362-dfec-47dc-a23e-edae3800e429}</UniqueIdentifier>
    </Filter>
    <Filter Include="Texture">
      <UniqueIdentifier>{c82e7fb9-29f7-4d45-bbd3-4f9e4e711bf6}</UniqueIdentifier>
    </Filter>
    <Filter Include="MainGame">
      <UniqueIdentifier>{c38811bd-fff9-4046-a675-91418121ce87}</UniqueIdentifier>
    </Filter>
    <Filter Include="Scene">
      <UniqueIdentifier>{07b99388-aaa9-4b6f-afd7-74bb6c02322b}</UniqueIdentifier>
    </Filter>
    <Filter Include="GameObject">
      <UniqueIdentifier>{8ca85b68-bdab-4c73-9f5b-2f1353ab79e6}</UniqueIdentifier>
    </Filter>
    <Filter Include="Camera">
      <UniqueIdentifier>{df649d77-5659-4738-9597-cb084172f1aa}</UniqueIdentifier>
    </Filter>
    <Filter Include="Mesh">
      <UniqueIdentifier>{1b8ffbc5-dc60-4a07-9e65-dd48a6108dc5}</UniqueIdentifier>
    </Filter>
    <Filter Include="Component">
      <UniqueIdentifier>{bbd383ed-dc02-4e36-a0dc-9981d706ad10}</UniqueIdentifier>
    </Filter>
    <Filter Include="강희재">
      <UniqueIdentifier>{32ed1b08-3fd3-4fb9-9a51-3672f37cd2e0}</UniqueIdentifier>
    </Filter>
    <Filter Include="강희재\Scene">
      <UniqueIdentifier>{c46dc441-3b2d-4397-ac00-e8f2b74cf89c}</UniqueIdentifier>
    </Filter>
    <Filter Include="강희재\Player">
      <UniqueIdentifier>{e0e0d6f7-e341-412a-89ba-1c234a7f25d0}</UniqueIdentifier>
    </Filter>
    <Filter Include="강희재\Bullet">
      <UniqueIdentifier>{3c809080-c7f7-4c90-b96a-af7b1b06705a}</UniqueIdentifier>
    </Filter>
    <Filter Include="강희재\Mesh">
      <UniqueIdentifier>{488f1084-54e8-4e22-9bd5-c5e55b2f4aeb}</UniqueIdentifier>
    </Filter>
    <Filter Include="강희재\Enemy">
      <UniqueIdentifier>{060a600d-a3a9-421f-9e66-811a3aa1e7cc}</UniqueIdentifier>
    </Filter>
    <Filter Include="강희재\Mesh\PlayerBullet">
      <UniqueIdentifier>{39b9771f-9feb-4a81-b8b3-a8c71a7113e7}</UniqueIdentifier>
    </Filter>
    <Filter Include="강희재\Mesh\Plane">
      <UniqueIdentifier>{38253c32-4e70-48df-821a-4dc622b7c3b7}</UniqueIdentifier>
    </Filter>
    <Filter Include="강희재\Header">
      <UniqueIdentifier>{b8961e32-9f87-4a9f-8cc7-323351200ae2}</UniqueIdentifier>
    </Filter>
    <Filter Include="강희재\MyCollisionManager">
      <UniqueIdentifier>{5cff36d5-c296-48bb-8edc-50696d70241c}</UniqueIdentifier>
    </Filter>
    <Filter Include="길문호">
      <UniqueIdentifier>{7ce481f5-b1fa-478c-8959-1e1c0e83f457}</UniqueIdentifier>
    </Filter>
    <Filter Include="길문호\GameObject">
      <UniqueIdentifier>{3eb161c7-2875-498c-89e3-f2139bfd7e02}</UniqueIdentifier>
    </Filter>
    <Filter Include="차승현">
      <UniqueIdentifier>{515dbe37-92c9-451e-979a-8ff1b0d0599d}</UniqueIdentifier>
    </Filter>
  </ItemGroup>
  <ItemGroup>
    <ClInclude Include="framework.h">
      <Filter>헤더 파일</Filter>
    </ClInclude>
    <ClInclude Include="targetver.h">
      <Filter>헤더 파일</Filter>
    </ClInclude>
    <ClInclude Include="Resource.h">
      <Filter>헤더 파일</Filter>
    </ClInclude>
    <ClInclude Include="D3DFramework.h">
      <Filter>헤더 파일</Filter>
    </ClInclude>
    <ClInclude Include="Define.h">
      <Filter>헤더 파일</Filter>
    </ClInclude>
    <ClInclude Include="stdafx.h">
      <Filter>헤더 파일</Filter>
    </ClInclude>
    <ClInclude Include="CollisionManager.h">
      <Filter>Manager</Filter>
    </ClInclude>
    <ClInclude Include="D2DRenderManager.h">
      <Filter>Manager</Filter>
    </ClInclude>
    <ClInclude Include="FileManager.h">
      <Filter>Manager</Filter>
    </ClInclude>
    <ClInclude Include="InputManager.h">
      <Filter>Manager</Filter>
    </ClInclude>
    <ClInclude Include="ObjectManager.h">
      <Filter>Manager</Filter>
    </ClInclude>
    <ClInclude Include="SceneManager.h">
      <Filter>Manager</Filter>
    </ClInclude>
    <ClInclude Include="TimeManager.h">
      <Filter>Manager</Filter>
    </ClInclude>
    <ClInclude Include="Vector3.h">
      <Filter>Lib</Filter>
    </ClInclude>
    <ClInclude Include="Transform.h">
      <Filter>Lib</Filter>
    </ClInclude>
    <ClInclude Include="Point.h">
      <Filter>Lib</Filter>
    </ClInclude>
    <ClInclude Include="MemoryPool.h">
      <Filter>Lib</Filter>
    </ClInclude>
    <ClInclude Include="Texture.h">
      <Filter>Texture</Filter>
    </ClInclude>
    <ClInclude Include="MainGame.h">
      <Filter>MainGame</Filter>
    </ClInclude>
    <ClInclude Include="TestScene.h">
      <Filter>Scene</Filter>
    </ClInclude>
    <ClInclude Include="IScene.h">
      <Filter>Scene</Filter>
    </ClInclude>
    <ClInclude Include="SoundManager.h">
      <Filter>Manager</Filter>
    </ClInclude>
    <ClInclude Include="GameObject.h">
      <Filter>GameObject</Filter>
    </ClInclude>
    <ClInclude Include="Camera.h">
      <Filter>Camera</Filter>
    </ClInclude>
    <ClInclude Include="Vertex.h">
      <Filter>Lib</Filter>
    </ClInclude>
    <ClInclude Include="Color.h">
      <Filter>Lib</Filter>
    </ClInclude>
    <ClInclude Include="Mesh.h">
      <Filter>Mesh</Filter>
    </ClInclude>
    <ClInclude Include="Triangle.h">
      <Filter>Mesh</Filter>
    </ClInclude>
    <ClInclude Include="Player.h">
      <Filter>GameObject</Filter>
    </ClInclude>
    <ClInclude Include="Rectangle.h">
      <Filter>Mesh</Filter>
    </ClInclude>
    <ClInclude Include="IComponent.h">
      <Filter>Component</Filter>
    </ClInclude>
    <ClInclude Include="Monster.h">
      <Filter>GameObject</Filter>
    </ClInclude>
    <ClInclude Include="Cube.h">
      <Filter>Mesh</Filter>
    </ClInclude>
    <ClInclude Include="Quaternion.h">
      <Filter>Lib</Filter>
    </ClInclude>
    <ClInclude Include="Matrix.h">
      <Filter>Lib</Filter>
    </ClInclude>
    <ClInclude Include="AxisCube.h">
      <Filter>헤더 파일</Filter>
    </ClInclude>
    <ClInclude Include="Player02.h">
      <Filter>강희재\Player</Filter>
    </ClInclude>
    <ClInclude Include="Scene02.h">
      <Filter>강희재\Scene</Filter>
    </ClInclude>
    <ClInclude Include="Bullet02.h">
      <Filter>강희재\Bullet</Filter>
    </ClInclude>
    <ClInclude Include="Cube02.h">
      <Filter>강희재\Mesh\PlayerBullet</Filter>
    </ClInclude>
    <ClInclude Include="Enemy02.h">
      <Filter>강희재\Enemy</Filter>
    </ClInclude>
    <ClInclude Include="Triangle02.h">
      <Filter>강희재\Mesh\Plane</Filter>
    </ClInclude>
    <ClInclude Include="MyCollisionManager.h">
      <Filter>강희재\MyCollisionManager</Filter>
    </ClInclude>
    <ClInclude Include="Enum02.h">
      <Filter>강희재\Header</Filter>
    </ClInclude>
    <ClInclude Include="Bullet.h">
      <Filter>헤더 파일</Filter>
    </ClInclude>
    <ClInclude Include="Bullet03.h">
      <Filter>길문호\GameObject</Filter>
    </ClInclude>
    <ClInclude Include="Player03.h">
      <Filter>길문호\GameObject</Filter>
    </ClInclude>
    <ClInclude Include="CollisionManager03.h">
      <Filter>길문호</Filter>
    </ClInclude>
    <ClInclude Include="Monster03.h">
      <Filter>길문호\GameObject</Filter>
    </ClInclude>
    <ClInclude Include="Scene03.h">
      <Filter>길문호</Filter>
    </ClInclude>
    <ClInclude Include="PlayerBullet4.h">
      <Filter>차승현</Filter>
    </ClInclude>
    <ClInclude Include="Player4.h">
      <Filter>차승현</Filter>
    </ClInclude>
    <ClInclude Include="MonsterBullet4.h">
      <Filter>차승현</Filter>
    </ClInclude>
    <ClInclude Include="Monster4.h">
      <Filter>차승현</Filter>
    </ClInclude>
    <ClInclude Include="Scene4.h">
      <Filter>차승현</Filter>
    </ClInclude>
    <ClInclude Include="CollisionManager4.h">
      <Filter>차승현</Filter>
    </ClInclude>
    <ClInclude Include="Random_Manager4.h">
      <Filter>차승현</Filter>
    </ClInclude>
  </ItemGroup>
  <ItemGroup>
    <ClCompile Include="D3DFramework.cpp">
      <Filter>소스 파일</Filter>
    </ClCompile>
    <ClCompile Include="stdafx.cpp">
      <Filter>소스 파일</Filter>
    </ClCompile>
    <ClCompile Include="CollisionManager.cpp">
      <Filter>Manager</Filter>
    </ClCompile>
    <ClCompile Include="D2DRenderManager.cpp">
      <Filter>Manager</Filter>
    </ClCompile>
    <ClCompile Include="FileManager.cpp">
      <Filter>Manager</Filter>
    </ClCompile>
    <ClCompile Include="InputManager.cpp">
      <Filter>Manager</Filter>
    </ClCompile>
    <ClCompile Include="ObjectManager.cpp">
      <Filter>Manager</Filter>
    </ClCompile>
    <ClCompile Include="SceneManager.cpp">
      <Filter>Manager</Filter>
    </ClCompile>
    <ClCompile Include="TimeManager.cpp">
      <Filter>Manager</Filter>
    </ClCompile>
    <ClCompile Include="Vector3.cpp">
      <Filter>Lib</Filter>
    </ClCompile>
    <ClCompile Include="Transform.cpp">
      <Filter>Lib</Filter>
    </ClCompile>
    <ClCompile Include="Texture.cpp">
      <Filter>Texture</Filter>
    </ClCompile>
    <ClCompile Include="MainGame.cpp">
      <Filter>MainGame</Filter>
    </ClCompile>
    <ClCompile Include="TestScene.cpp">
      <Filter>Scene</Filter>
    </ClCompile>
    <ClCompile Include="IScene.cpp">
      <Filter>Scene</Filter>
    </ClCompile>
    <ClCompile Include="SoundManager.cpp">
      <Filter>Manager</Filter>
    </ClCompile>
    <ClCompile Include="GameObject.cpp">
      <Filter>GameObject</Filter>
    </ClCompile>
    <ClCompile Include="Camera.cpp">
      <Filter>Camera</Filter>
    </ClCompile>
    <ClCompile Include="Vertex.cpp">
      <Filter>Lib</Filter>
    </ClCompile>
    <ClCompile Include="Color.cpp">
      <Filter>Lib</Filter>
    </ClCompile>
    <ClCompile Include="Mesh.cpp">
      <Filter>Mesh</Filter>
    </ClCompile>
    <ClCompile Include="Triangle.cpp">
      <Filter>Mesh</Filter>
    </ClCompile>
    <ClCompile Include="Player.cpp">
      <Filter>GameObject</Filter>
    </ClCompile>
    <ClCompile Include="Rectangle.cpp">
      <Filter>Mesh</Filter>
    </ClCompile>
    <ClCompile Include="IComponent.cpp">
      <Filter>Component</Filter>
    </ClCompile>
    <ClCompile Include="Monster.cpp">
      <Filter>GameObject</Filter>
    </ClCompile>
    <ClCompile Include="Cube.cpp">
      <Filter>Mesh</Filter>
    </ClCompile>
    <ClCompile Include="Matrix.cpp">
      <Filter>Lib</Filter>
    </ClCompile>
    <ClCompile Include="Quaternion.cpp">
      <Filter>Lib</Filter>
    </ClCompile>
    <ClCompile Include="AxisCube.cpp">
      <Filter>소스 파일</Filter>
    </ClCompile>
    <ClCompile Include="Player02.cpp">
      <Filter>강희재\Player</Filter>
    </ClCompile>
    <ClCompile Include="Scene02.cpp">
      <Filter>강희재\Scene</Filter>
    </ClCompile>
    <ClCompile Include="Bullet02.cpp">
      <Filter>강희재\Bullet</Filter>
    </ClCompile>
    <ClCompile Include="Cube02.cpp">
      <Filter>강희재\Mesh\PlayerBullet</Filter>
    </ClCompile>
    <ClCompile Include="Enemy02.cpp">
      <Filter>강희재\Enemy</Filter>
    </ClCompile>
    <ClCompile Include="Triangle02.cpp">
      <Filter>강희재\Mesh\Plane</Filter>
    </ClCompile>
    <ClCompile Include="MyCollisionManager.cpp">
      <Filter>강희재\MyCollisionManager</Filter>
    </ClCompile>
    <ClCompile Include="Bullet.cpp">
      <Filter>소스 파일</Filter>
    </ClCompile>
    <ClCompile Include="Bullet03.cpp">
      <Filter>길문호\GameObject</Filter>
    </ClCompile>
    <ClCompile Include="Player03.cpp">
      <Filter>길문호\GameObject</Filter>
    </ClCompile>
    <ClCompile Include="CollisionManager03.cpp">
      <Filter>길문호</Filter>
    </ClCompile>
    <ClCompile Include="Monster03.cpp">
      <Filter>길문호\GameObject</Filter>
    </ClCompile>
    <ClCompile Include="Scene03.cpp">
      <Filter>길문호</Filter>
    </ClCompile>
    <ClCompile Include="PlayerBullet4.cpp">
      <Filter>차승현</Filter>
    </ClCompile>
    <ClCompile Include="Player4.cpp">
      <Filter>차승현</Filter>
    </ClCompile>
    <ClCompile Include="MonsterBullet4.cpp">
      <Filter>차승현</Filter>
    </ClCompile>
    <ClCompile Include="Monster4.cpp">
      <Filter>차승현</Filter>
    </ClCompile>
    <ClCompile Include="Scene4.cpp">
      <Filter>차승현</Filter>
    </ClCompile>
    <ClCompile Include="CollisionManager4.cpp">
      <Filter>차승현</Filter>
    </ClCompile>
    <ClCompile Include="Random_Manager4.cpp">
      <Filter>차승현</Filter>
    </ClCompile>
  </ItemGroup>
  <ItemGroup>
    <ResourceCompile Include="D3DFramework.rc">
      <Filter>리소스 파일</Filter>
    </ResourceCompile>
  </ItemGroup>
  <ItemGroup>
    <Image Include="small.ico">
      <Filter>리소스 파일</Filter>
    </Image>
    <Image Include="D3DFramework.ico">
      <Filter>리소스 파일</Filter>
    </Image>
  </ItemGroup>
</Project>